// !$*UTF8*$!
{
	archiveVersion = 1;
	classes = {
	};
	objectVersion = 50;
	objects = {

/* Begin PBXBuildFile section */
		13F79B792581A12E0036018A /* AppDelegate.swift in Sources */ = {isa = PBXBuildFile; fileRef = 13F79B782581A12E0036018A /* AppDelegate.swift */; };
		13F79B7B2581A12E0036018A /* SceneDelegate.swift in Sources */ = {isa = PBXBuildFile; fileRef = 13F79B7A2581A12E0036018A /* SceneDelegate.swift */; };
		13F79B7D2581A12E0036018A /* GameViewController.swift in Sources */ = {isa = PBXBuildFile; fileRef = 13F79B7C2581A12E0036018A /* GameViewController.swift */; };
		13F79B802581A12E0036018A /* Main.storyboard in Resources */ = {isa = PBXBuildFile; fileRef = 13F79B7E2581A12E0036018A /* Main.storyboard */; };
		13F79B822581A12F0036018A /* Assets.xcassets in Resources */ = {isa = PBXBuildFile; fileRef = 13F79B812581A12F0036018A /* Assets.xcassets */; };
		13F79B852581A12F0036018A /* LaunchScreen.storyboard in Resources */ = {isa = PBXBuildFile; fileRef = 13F79B832581A12F0036018A /* LaunchScreen.storyboard */; };
		13F79B8E2581A1AE0036018A /* SettingsViewController.swift in Sources */ = {isa = PBXBuildFile; fileRef = 13F79B8D2581A1AE0036018A /* SettingsViewController.swift */; };
		13F79B952581A24A0036018A /* BaseViewController.swift in Sources */ = {isa = PBXBuildFile; fileRef = 13F79B942581A24A0036018A /* BaseViewController.swift */; };
		13F79B982581A25E0036018A /* ProgressViewController.swift in Sources */ = {isa = PBXBuildFile; fileRef = 13F79B972581A25E0036018A /* ProgressViewController.swift */; };
		13F79B9D2581A35A0036018A /* GameManager.swift in Sources */ = {isa = PBXBuildFile; fileRef = 13F79B9C2581A35A0036018A /* GameManager.swift */; };
		13F79BA72581AC9D0036018A /* DigitKeyboardView.swift in Sources */ = {isa = PBXBuildFile; fileRef = 13F79BA32581AC9D0036018A /* DigitKeyboardView.swift */; };
		13F79BA82581AC9D0036018A /* DigitKeyboardView.xib in Resources */ = {isa = PBXBuildFile; fileRef = 13F79BA42581AC9D0036018A /* DigitKeyboardView.xib */; };
		13F79BA92581AC9D0036018A /* IncrementerView.swift in Sources */ = {isa = PBXBuildFile; fileRef = 13F79BA52581AC9D0036018A /* IncrementerView.swift */; };
		13F79BAA2581AC9D0036018A /* IncrementerView.xib in Resources */ = {isa = PBXBuildFile; fileRef = 13F79BA62581AC9D0036018A /* IncrementerView.xib */; };
		13F79BAF2581C3F90036018A /* SpeechManager.swift in Sources */ = {isa = PBXBuildFile; fileRef = 13F79BAE2581C3F90036018A /* SpeechManager.swift */; };
		13F79BB22581C7160036018A /* UIColor+extensions.swift in Sources */ = {isa = PBXBuildFile; fileRef = 13F79BB12581C7160036018A /* UIColor+extensions.swift */; };
		13F79BB52581CB4C0036018A /* BaseTabBarController.swift in Sources */ = {isa = PBXBuildFile; fileRef = 13F79BB42581CB4C0036018A /* BaseTabBarController.swift */; };
		13F79BBD2581D0EC0036018A /* turbo-time.mp3 in Resources */ = {isa = PBXBuildFile; fileRef = 13F79BBC2581D0EC0036018A /* turbo-time.mp3 */; };
		13F79BC02581D1020036018A /* SoundManager.swift in Sources */ = {isa = PBXBuildFile; fileRef = 13F79BBF2581D1020036018A /* SoundManager.swift */; };
/* End PBXBuildFile section */

/* Begin PBXFileReference section */
		13F79B752581A12E0036018A /* JingleAllTheWay.app */ = {isa = PBXFileReference; explicitFileType = wrapper.application; includeInIndex = 0; path = JingleAllTheWay.app; sourceTree = BUILT_PRODUCTS_DIR; };
		13F79B782581A12E0036018A /* AppDelegate.swift */ = {isa = PBXFileReference; lastKnownFileType = sourcecode.swift; path = AppDelegate.swift; sourceTree = "<group>"; };
		13F79B7A2581A12E0036018A /* SceneDelegate.swift */ = {isa = PBXFileReference; lastKnownFileType = sourcecode.swift; path = SceneDelegate.swift; sourceTree = "<group>"; };
		13F79B7C2581A12E0036018A /* GameViewController.swift */ = {isa = PBXFileReference; lastKnownFileType = sourcecode.swift; path = GameViewController.swift; sourceTree = "<group>"; };
		13F79B7F2581A12E0036018A /* Base */ = {isa = PBXFileReference; lastKnownFileType = file.storyboard; name = Base; path = Base.lproj/Main.storyboard; sourceTree = "<group>"; };
		13F79B812581A12F0036018A /* Assets.xcassets */ = {isa = PBXFileReference; lastKnownFileType = folder.assetcatalog; path = Assets.xcassets; sourceTree = "<group>"; };
		13F79B842581A12F0036018A /* Base */ = {isa = PBXFileReference; lastKnownFileType = file.storyboard; name = Base; path = Base.lproj/LaunchScreen.storyboard; sourceTree = "<group>"; };
		13F79B862581A12F0036018A /* Info.plist */ = {isa = PBXFileReference; lastKnownFileType = text.plist.xml; path = Info.plist; sourceTree = "<group>"; };
		13F79B8D2581A1AE0036018A /* SettingsViewController.swift */ = {isa = PBXFileReference; lastKnownFileType = sourcecode.swift; path = SettingsViewController.swift; sourceTree = "<group>"; };
		13F79B942581A24A0036018A /* BaseViewController.swift */ = {isa = PBXFileReference; fileEncoding = 4; lastKnownFileType = sourcecode.swift; path = BaseViewController.swift; sourceTree = "<group>"; };
		13F79B972581A25E0036018A /* ProgressViewController.swift */ = {isa = PBXFileReference; fileEncoding = 4; lastKnownFileType = sourcecode.swift; path = ProgressViewController.swift; sourceTree = "<group>"; };
		13F79B9C2581A35A0036018A /* GameManager.swift */ = {isa = PBXFileReference; lastKnownFileType = sourcecode.swift; path = GameManager.swift; sourceTree = "<group>"; };
		13F79BA32581AC9D0036018A /* DigitKeyboardView.swift */ = {isa = PBXFileReference; fileEncoding = 4; lastKnownFileType = sourcecode.swift; path = DigitKeyboardView.swift; sourceTree = "<group>"; };
		13F79BA42581AC9D0036018A /* DigitKeyboardView.xib */ = {isa = PBXFileReference; fileEncoding = 4; lastKnownFileType = file.xib; path = DigitKeyboardView.xib; sourceTree = "<group>"; };
		13F79BA52581AC9D0036018A /* IncrementerView.swift */ = {isa = PBXFileReference; fileEncoding = 4; lastKnownFileType = sourcecode.swift; path = IncrementerView.swift; sourceTree = "<group>"; };
		13F79BA62581AC9D0036018A /* IncrementerView.xib */ = {isa = PBXFileReference; fileEncoding = 4; lastKnownFileType = file.xib; path = IncrementerView.xib; sourceTree = "<group>"; };
		13F79BAE2581C3F90036018A /* SpeechManager.swift */ = {isa = PBXFileReference; fileEncoding = 4; lastKnownFileType = sourcecode.swift; path = SpeechManager.swift; sourceTree = "<group>"; };
		13F79BB12581C7160036018A /* UIColor+extensions.swift */ = {isa = PBXFileReference; lastKnownFileType = sourcecode.swift; path = "UIColor+extensions.swift"; sourceTree = "<group>"; };
		13F79BB42581CB4C0036018A /* BaseTabBarController.swift */ = {isa = PBXFileReference; lastKnownFileType = sourcecode.swift; path = BaseTabBarController.swift; sourceTree = "<group>"; };
		13F79BBC2581D0EC0036018A /* turbo-time.mp3 */ = {isa = PBXFileReference; lastKnownFileType = audio.mp3; path = "turbo-time.mp3"; sourceTree = "<group>"; };
		13F79BBF2581D1020036018A /* SoundManager.swift */ = {isa = PBXFileReference; fileEncoding = 4; lastKnownFileType = sourcecode.swift; path = SoundManager.swift; sourceTree = "<group>"; };
/* End PBXFileReference section */

/* Begin PBXFrameworksBuildPhase section */
		13F79B722581A12E0036018A /* Frameworks */ = {
			isa = PBXFrameworksBuildPhase;
			buildActionMask = 2147483647;
			files = (
			);
			runOnlyForDeploymentPostprocessing = 0;
		};
/* End PBXFrameworksBuildPhase section */

/* Begin PBXGroup section */
		13F79B6C2581A12E0036018A = {
			isa = PBXGroup;
			children = (
				13F79B772581A12E0036018A /* JingleAllTheWay */,
				13F79B762581A12E0036018A /* Products */,
			);
			sourceTree = "<group>";
		};
		13F79B762581A12E0036018A /* Products */ = {
			isa = PBXGroup;
			children = (
				13F79B752581A12E0036018A /* JingleAllTheWay.app */,
			);
			name = Products;
			sourceTree = "<group>";
		};
		13F79B772581A12E0036018A /* JingleAllTheWay */ = {
			isa = PBXGroup;
			children = (
				13F79BB92581CC590036018A /* Extensions */,
				13F79BB82581CC480036018A /* Assets */,
				13F79B9A2581A2600036018A /* UI */,
				13F79B782581A12E0036018A /* AppDelegate.swift */,
				13F79B7A2581A12E0036018A /* SceneDelegate.swift */,
				13F79B9C2581A35A0036018A /* GameManager.swift */,
				13F79BBF2581D1020036018A /* SoundManager.swift */,
				13F79BAE2581C3F90036018A /* SpeechManager.swift */,
			);
			path = JingleAllTheWay;
			sourceTree = "<group>";
		};
		13F79B9A2581A2600036018A /* UI */ = {
			isa = PBXGroup;
			children = (
				13F79BB72581CC380036018A /* Base */,
				13F79BAC2581AC9F0036018A /* Incrementer */,
				13F79B7C2581A12E0036018A /* GameViewController.swift */,
				13F79B8D2581A1AE0036018A /* SettingsViewController.swift */,
			);
			path = UI;
			sourceTree = "<group>";
		};
		13F79BAC2581AC9F0036018A /* Incrementer */ = {
			isa = PBXGroup;
			children = (
				13F79BA32581AC9D0036018A /* DigitKeyboardView.swift */,
				13F79BA42581AC9D0036018A /* DigitKeyboardView.xib */,
				13F79BA52581AC9D0036018A /* IncrementerView.swift */,
				13F79BA62581AC9D0036018A /* IncrementerView.xib */,
			);
			path = Incrementer;
			sourceTree = "<group>";
		};
		13F79BB72581CC380036018A /* Base */ = {
			isa = PBXGroup;
			children = (
				13F79B972581A25E0036018A /* ProgressViewController.swift */,
				13F79B942581A24A0036018A /* BaseViewController.swift */,
				13F79BB42581CB4C0036018A /* BaseTabBarController.swift */,
			);
			path = Base;
			sourceTree = "<group>";
		};
		13F79BB82581CC480036018A /* Assets */ = {
			isa = PBXGroup;
			children = (
				13F79BBC2581D0EC0036018A /* turbo-time.mp3 */,
				13F79B7E2581A12E0036018A /* Main.storyboard */,
				13F79B812581A12F0036018A /* Assets.xcassets */,
				13F79B832581A12F0036018A /* LaunchScreen.storyboard */,
				13F79B862581A12F0036018A /* Info.plist */,
			);
			path = Assets;
			sourceTree = "<group>";
		};
		13F79BB92581CC590036018A /* Extensions */ = {
			isa = PBXGroup;
			children = (
				13F79BB12581C7160036018A /* UIColor+extensions.swift */,
			);
			path = Extensions;
			sourceTree = "<group>";
		};
/* End PBXGroup section */

/* Begin PBXNativeTarget section */
		13F79B742581A12E0036018A /* JingleAllTheWay */ = {
			isa = PBXNativeTarget;
			buildConfigurationList = 13F79B892581A12F0036018A /* Build configuration list for PBXNativeTarget "JingleAllTheWay" */;
			buildPhases = (
				13F79B712581A12E0036018A /* Sources */,
				13F79B722581A12E0036018A /* Frameworks */,
				13F79B732581A12E0036018A /* Resources */,
			);
			buildRules = (
			);
			dependencies = (
			);
			name = JingleAllTheWay;
			productName = JingleAllTheWay;
			productReference = 13F79B752581A12E0036018A /* JingleAllTheWay.app */;
			productType = "com.apple.product-type.application";
		};
/* End PBXNativeTarget section */

/* Begin PBXProject section */
		13F79B6D2581A12E0036018A /* Project object */ = {
			isa = PBXProject;
			attributes = {
				LastSwiftUpdateCheck = 1210;
				LastUpgradeCheck = 1210;
				TargetAttributes = {
					13F79B742581A12E0036018A = {
						CreatedOnToolsVersion = 12.1;
					};
				};
			};
			buildConfigurationList = 13F79B702581A12E0036018A /* Build configuration list for PBXProject "JingleAllTheWay" */;
			compatibilityVersion = "Xcode 9.3";
			developmentRegion = en;
			hasScannedForEncodings = 0;
			knownRegions = (
				en,
				Base,
			);
			mainGroup = 13F79B6C2581A12E0036018A;
			productRefGroup = 13F79B762581A12E0036018A /* Products */;
			projectDirPath = "";
			projectRoot = "";
			targets = (
				13F79B742581A12E0036018A /* JingleAllTheWay */,
			);
		};
/* End PBXProject section */

/* Begin PBXResourcesBuildPhase section */
		13F79B732581A12E0036018A /* Resources */ = {
			isa = PBXResourcesBuildPhase;
			buildActionMask = 2147483647;
			files = (
				13F79B852581A12F0036018A /* LaunchScreen.storyboard in Resources */,
				13F79BBD2581D0EC0036018A /* turbo-time.mp3 in Resources */,
				13F79B822581A12F0036018A /* Assets.xcassets in Resources */,
				13F79BAA2581AC9D0036018A /* IncrementerView.xib in Resources */,
				13F79B802581A12E0036018A /* Main.storyboard in Resources */,
				13F79BA82581AC9D0036018A /* DigitKeyboardView.xib in Resources */,
			);
			runOnlyForDeploymentPostprocessing = 0;
		};
/* End PBXResourcesBuildPhase section */

/* Begin PBXSourcesBuildPhase section */
		13F79B712581A12E0036018A /* Sources */ = {
			isa = PBXSourcesBuildPhase;
			buildActionMask = 2147483647;
			files = (
				13F79B952581A24A0036018A /* BaseViewController.swift in Sources */,
				13F79BAF2581C3F90036018A /* SpeechManager.swift in Sources */,
				13F79B7D2581A12E0036018A /* GameViewController.swift in Sources */,
				13F79BB22581C7160036018A /* UIColor+extensions.swift in Sources */,
				13F79BC02581D1020036018A /* SoundManager.swift in Sources */,
				13F79B792581A12E0036018A /* AppDelegate.swift in Sources */,
				13F79B9D2581A35A0036018A /* GameManager.swift in Sources */,
				13F79B982581A25E0036018A /* ProgressViewController.swift in Sources */,
				13F79BA92581AC9D0036018A /* IncrementerView.swift in Sources */,
				13F79BB52581CB4C0036018A /* BaseTabBarController.swift in Sources */,
				13F79B7B2581A12E0036018A /* SceneDelegate.swift in Sources */,
				13F79B8E2581A1AE0036018A /* SettingsViewController.swift in Sources */,
				13F79BA72581AC9D0036018A /* DigitKeyboardView.swift in Sources */,
			);
			runOnlyForDeploymentPostprocessing = 0;
		};
/* End PBXSourcesBuildPhase section */

/* Begin PBXVariantGroup section */
		13F79B7E2581A12E0036018A /* Main.storyboard */ = {
			isa = PBXVariantGroup;
			children = (
				13F79B7F2581A12E0036018A /* Base */,
			);
			name = Main.storyboard;
			sourceTree = "<group>";
		};
		13F79B832581A12F0036018A /* LaunchScreen.storyboard */ = {
			isa = PBXVariantGroup;
			children = (
				13F79B842581A12F0036018A /* Base */,
			);
			name = LaunchScreen.storyboard;
			sourceTree = "<group>";
		};
/* End PBXVariantGroup section */

/* Begin XCBuildConfiguration section */
		13F79B872581A12F0036018A /* Debug */ = {
			isa = XCBuildConfiguration;
			buildSettings = {
				ALWAYS_SEARCH_USER_PATHS = NO;
				CLANG_ANALYZER_NONNULL = YES;
				CLANG_ANALYZER_NUMBER_OBJECT_CONVERSION = YES_AGGRESSIVE;
				CLANG_CXX_LANGUAGE_STANDARD = "gnu++14";
				CLANG_CXX_LIBRARY = "libc++";
				CLANG_ENABLE_MODULES = YES;
				CLANG_ENABLE_OBJC_ARC = YES;
				CLANG_ENABLE_OBJC_WEAK = YES;
				CLANG_WARN_BLOCK_CAPTURE_AUTORELEASING = YES;
				CLANG_WARN_BOOL_CONVERSION = YES;
				CLANG_WARN_COMMA = YES;
				CLANG_WARN_CONSTANT_CONVERSION = YES;
				CLANG_WARN_DEPRECATED_OBJC_IMPLEMENTATIONS = YES;
				CLANG_WARN_DIRECT_OBJC_ISA_USAGE = YES_ERROR;
				CLANG_WARN_DOCUMENTATION_COMMENTS = YES;
				CLANG_WARN_EMPTY_BODY = YES;
				CLANG_WARN_ENUM_CONVERSION = YES;
				CLANG_WARN_INFINITE_RECURSION = YES;
				CLANG_WARN_INT_CONVERSION = YES;
				CLANG_WARN_NON_LITERAL_NULL_CONVERSION = YES;
				CLANG_WARN_OBJC_IMPLICIT_RETAIN_SELF = YES;
				CLANG_WARN_OBJC_LITERAL_CONVERSION = YES;
				CLANG_WARN_OBJC_ROOT_CLASS = YES_ERROR;
				CLANG_WARN_QUOTED_INCLUDE_IN_FRAMEWORK_HEADER = YES;
				CLANG_WARN_RANGE_LOOP_ANALYSIS = YES;
				CLANG_WARN_STRICT_PROTOTYPES = YES;
				CLANG_WARN_SUSPICIOUS_MOVE = YES;
				CLANG_WARN_UNGUARDED_AVAILABILITY = YES_AGGRESSIVE;
				CLANG_WARN_UNREACHABLE_CODE = YES;
				CLANG_WARN__DUPLICATE_METHOD_MATCH = YES;
				COPY_PHASE_STRIP = NO;
				DEBUG_INFORMATION_FORMAT = dwarf;
				ENABLE_STRICT_OBJC_MSGSEND = YES;
				ENABLE_TESTABILITY = YES;
				GCC_C_LANGUAGE_STANDARD = gnu11;
				GCC_DYNAMIC_NO_PIC = NO;
				GCC_NO_COMMON_BLOCKS = YES;
				GCC_OPTIMIZATION_LEVEL = 0;
				GCC_PREPROCESSOR_DEFINITIONS = (
					"DEBUG=1",
					"$(inherited)",
				);
				GCC_WARN_64_TO_32_BIT_CONVERSION = YES;
				GCC_WARN_ABOUT_RETURN_TYPE = YES_ERROR;
				GCC_WARN_UNDECLARED_SELECTOR = YES;
				GCC_WARN_UNINITIALIZED_AUTOS = YES_AGGRESSIVE;
				GCC_WARN_UNUSED_FUNCTION = YES;
				GCC_WARN_UNUSED_VARIABLE = YES;
				IPHONEOS_DEPLOYMENT_TARGET = 14.1;
				MTL_ENABLE_DEBUG_INFO = INCLUDE_SOURCE;
				MTL_FAST_MATH = YES;
				ONLY_ACTIVE_ARCH = YES;
				SDKROOT = iphoneos;
				SWIFT_ACTIVE_COMPILATION_CONDITIONS = DEBUG;
				SWIFT_OPTIMIZATION_LEVEL = "-Onone";
			};
			name = Debug;
		};
		13F79B882581A12F0036018A /* Release */ = {
			isa = XCBuildConfiguration;
			buildSettings = {
				ALWAYS_SEARCH_USER_PATHS = NO;
				CLANG_ANALYZER_NONNULL = YES;
				CLANG_ANALYZER_NUMBER_OBJECT_CONVERSION = YES_AGGRESSIVE;
				CLANG_CXX_LANGUAGE_STANDARD = "gnu++14";
				CLANG_CXX_LIBRARY = "libc++";
				CLANG_ENABLE_MODULES = YES;
				CLANG_ENABLE_OBJC_ARC = YES;
				CLANG_ENABLE_OBJC_WEAK = YES;
				CLANG_WARN_BLOCK_CAPTURE_AUTORELEASING = YES;
				CLANG_WARN_BOOL_CONVERSION = YES;
				CLANG_WARN_COMMA = YES;
				CLANG_WARN_CONSTANT_CONVERSION = YES;
				CLANG_WARN_DEPRECATED_OBJC_IMPLEMENTATIONS = YES;
				CLANG_WARN_DIRECT_OBJC_ISA_USAGE = YES_ERROR;
				CLANG_WARN_DOCUMENTATION_COMMENTS = YES;
				CLANG_WARN_EMPTY_BODY = YES;
				CLANG_WARN_ENUM_CONVERSION = YES;
				CLANG_WARN_INFINITE_RECURSION = YES;
				CLANG_WARN_INT_CONVERSION = YES;
				CLANG_WARN_NON_LITERAL_NULL_CONVERSION = YES;
				CLANG_WARN_OBJC_IMPLICIT_RETAIN_SELF = YES;
				CLANG_WARN_OBJC_LITERAL_CONVERSION = YES;
				CLANG_WARN_OBJC_ROOT_CLASS = YES_ERROR;
				CLANG_WARN_QUOTED_INCLUDE_IN_FRAMEWORK_HEADER = YES;
				CLANG_WARN_RANGE_LOOP_ANALYSIS = YES;
				CLANG_WARN_STRICT_PROTOTYPES = YES;
				CLANG_WARN_SUSPICIOUS_MOVE = YES;
				CLANG_WARN_UNGUARDED_AVAILABILITY = YES_AGGRESSIVE;
				CLANG_WARN_UNREACHABLE_CODE = YES;
				CLANG_WARN__DUPLICATE_METHOD_MATCH = YES;
				COPY_PHASE_STRIP = NO;
				DEBUG_INFORMATION_FORMAT = "dwarf-with-dsym";
				ENABLE_NS_ASSERTIONS = NO;
				ENABLE_STRICT_OBJC_MSGSEND = YES;
				GCC_C_LANGUAGE_STANDARD = gnu11;
				GCC_NO_COMMON_BLOCKS = YES;
				GCC_WARN_64_TO_32_BIT_CONVERSION = YES;
				GCC_WARN_ABOUT_RETURN_TYPE = YES_ERROR;
				GCC_WARN_UNDECLARED_SELECTOR = YES;
				GCC_WARN_UNINITIALIZED_AUTOS = YES_AGGRESSIVE;
				GCC_WARN_UNUSED_FUNCTION = YES;
				GCC_WARN_UNUSED_VARIABLE = YES;
				IPHONEOS_DEPLOYMENT_TARGET = 14.1;
				MTL_ENABLE_DEBUG_INFO = NO;
				MTL_FAST_MATH = YES;
				SDKROOT = iphoneos;
				SWIFT_COMPILATION_MODE = wholemodule;
				SWIFT_OPTIMIZATION_LEVEL = "-O";
				VALIDATE_PRODUCT = YES;
			};
			name = Release;
		};
		13F79B8A2581A12F0036018A /* Debug */ = {
			isa = XCBuildConfiguration;
			buildSettings = {
				ASSETCATALOG_COMPILER_APPICON_NAME = AppIcon;
				ASSETCATALOG_COMPILER_GLOBAL_ACCENT_COLOR_NAME = AccentColor;
				CODE_SIGN_STYLE = Automatic;
				DEVELOPMENT_TEAM = K9C8XCSNZZ;
				INFOPLIST_FILE = JingleAllTheWay/Assets/Info.plist;
				LD_RUNPATH_SEARCH_PATHS = (
					"$(inherited)",
					"@executable_path/Frameworks",
				);
				PRODUCT_BUNDLE_IDENTIFIER = net.brookstreetgames.JingleAllTheWay;
				PRODUCT_NAME = "$(TARGET_NAME)";
				SWIFT_VERSION = 5.0;
				TARGETED_DEVICE_FAMILY = "1,2";
			};
			name = Debug;
		};
		13F79B8B2581A12F0036018A /* Release */ = {
			isa = XCBuildConfiguration;
			buildSettings = {
				ASSETCATALOG_COMPILER_APPICON_NAME = AppIcon;
				ASSETCATALOG_COMPILER_GLOBAL_ACCENT_COLOR_NAME = AccentColor;
				CODE_SIGN_STYLE = Automatic;
				DEVELOPMENT_TEAM = K9C8XCSNZZ;
				INFOPLIST_FILE = JingleAllTheWay/Assets/Info.plist;
				LD_RUNPATH_SEARCH_PATHS = (
					"$(inherited)",
					"@executable_path/Frameworks",
				);
				PRODUCT_BUNDLE_IDENTIFIER = net.brookstreetgames.JingleAllTheWay;
				PRODUCT_NAME = "$(TARGET_NAME)";
				SWIFT_VERSION = 5.0;
				TARGETED_DEVICE_FAMILY = "1,2";
			};
			name = Release;
		};
/* End XCBuildConfiguration section */

/* Begin XCConfigurationList section */
		13F79B702581A12E0036018A /* Build configuration list for PBXProject "JingleAllTheWay" */ = {
			isa = XCConfigurationList;
			buildConfigurations = (
				13F79B872581A12F0036018A /* Debug */,
				13F79B882581A12F0036018A /* Release */,
			);
			defaultConfigurationIsVisible = 0;
			defaultConfigurationName = Release;
		};
		13F79B892581A12F0036018A /* Build configuration list for PBXNativeTarget "JingleAllTheWay" */ = {
			isa = XCConfigurationList;
			buildConfigurations = (
				13F79B8A2581A12F0036018A /* Debug */,
				13F79B8B2581A12F0036018A /* Release */,
			);
			defaultConfigurationIsVisible = 0;
			defaultConfigurationName = Release;
		};
/* End XCConfigurationList section */
	};
	rootObject = 13F79B6D2581A12E0036018A /* Project object */;
}
